
Microsoft Visual Studio Solution File, Format Version 12.00
# Visual Studio 15
VisualStudioVersion = 15.0.27130.2036
MinimumVisualStudioVersion = 10.0.40219.1
Project("{2150E333-8FDC-42A3-9474-1A3956D46DE8}") = "Часть 1", "Часть 1", "{9BFC1C3C-6E52-4878-A06A-1919A9871642}"
EndProject
Project("{FAE04EC0-301F-11D3-BF4B-00C04F79EFBC}") = "ConsoleApp1-ПодстановкиВоWrite", "ConsoleApp1-ПодстановкиВоWrite\ConsoleApp1-ПодстановкиВоWrite.csproj", "{01E9B985-F9FF-44B5-ACFD-3D7CE8C5C3F1}"
EndProject
Global
	GlobalSection(SolutionConfigurationPlatforms) = preSolution
		Debug|Any CPU = Debug|Any CPU
		Release|Any CPU = Release|Any CPU
	EndGlobalSection
	GlobalSection(ProjectConfigurationPlatforms) = postSolution
		{01E9B985-F9FF-44B5-ACFD-3D7CE8C5C3F1}.Debug|Any CPU.ActiveCfg = Debug|Any CPU
		{01E9B985-F9FF-44B5-ACFD-3D7CE8C5C3F1}.Debug|Any CPU.Build.0 = Debug|Any CPU
		{01E9B985-F9FF-44B5-ACFD-3D7CE8C5C3F1}.Release|Any CPU.ActiveCfg = Release|Any CPU
		{01E9B985-F9FF-44B5-ACFD-3D7CE8C5C3F1}.Release|Any CPU.Build.0 = Release|Any CPU
	EndGlobalSection
	GlobalSection(SolutionProperties) = preSolution
		HideSolutionNode = FALSE
	EndGlobalSection
	GlobalSection(NestedProjects) = preSolution
		{01E9B985-F9FF-44B5-ACFD-3D7CE8C5C3F1} = {9BFC1C3C-6E52-4878-A06A-1919A9871642}
	EndGlobalSection
	GlobalSection(ExtensibilityGlobals) = postSolution
		SolutionGuid = {0C9C4EBA-376E-48EB-A57B-051115D3F7F2}
	EndGlobalSection
EndGlobal
